
Microsoft Visual Studio Solution File, Format Version 12.00
# Visual Studio Version 16
VisualStudioVersion = 16.0.33920.266
MinimumVisualStudioVersion = 10.0.40219.1
Project("{FAE04EC0-301F-11D3-BF4B-00C04F79EFBC}") = "first-project", "first-project\first-project.csproj", "{CA87FDA1-EB08-436B-B1BC-0520EBD67556}"
EndProject
Global
	GlobalSection(SolutionConfigurationPlatforms) = preSolution
		Debug|Any CPU = Debug|Any CPU
		Release|Any CPU = Release|Any CPU
	EndGlobalSection
	GlobalSection(ProjectConfigurationPlatforms) = postSolution
		{CA87FDA1-EB08-436B-B1BC-0520EBD67556}.Debug|Any CPU.ActiveCfg = Debug|Any CPU
		{CA87FDA1-EB08-436B-B1BC-0520EBD67556}.Debug|Any CPU.Build.0 = Debug|Any CPU
		{CA87FDA1-EB08-436B-B1BC-0520EBD67556}.Release|Any CPU.ActiveCfg = Release|Any CPU
		{CA87FDA1-EB08-436B-B1BC-0520EBD67556}.Release|Any CPU.Build.0 = Release|Any CPU
	EndGlobalSection
	GlobalSection(SolutionProperties) = preSolution
		HideSolutionNode = FALSE
	EndGlobalSection
	GlobalSection(ExtensibilityGlobals) = postSolution
		SolutionGuid = {00AAE358-2736-4DB5-BCD4-FADA5C0948D9}
	EndGlobalSection
EndGlobal
